// !$*UTF8*$!
{
	archiveVersion = 1;
	classes = {
	};
	objectVersion = 46;
	objects = {

/* Begin PBXBuildFile section */
		4DD005FA1C609EDB007D4D2F /* ic_clear.png in Resources */ = {isa = PBXBuildFile; fileRef = 4DD005E91C609EDB007D4D2F /* ic_clear.png */; };
		4DD005FB1C609EDB007D4D2F /* ic_network_type.png in Resources */ = {isa = PBXBuildFile; fileRef = 4DD005EA1C609EDB007D4D2F /* ic_network_type.png */; };
		4DD005FC1C609EDB007D4D2F /* ic_network_type_mobile.png in Resources */ = {isa = PBXBuildFile; fileRef = 4DD005EB1C609EDB007D4D2F /* ic_network_type_mobile.png */; };
		4DD005FD1C609EDB007D4D2F /* ic_network_type_normal.png in Resources */ = {isa = PBXBuildFile; fileRef = 4DD005EC1C609EDB007D4D2F /* ic_network_type_normal.png */; };
		4DD005FE1C609EDB007D4D2F /* ic_network_type_wifi.png in Resources */ = {isa = PBXBuildFile; fileRef = 4DD005ED1C609EDB007D4D2F /* ic_network_type_wifi.png */; };
		4DD005FF1C609EDB007D4D2F /* ic_sort.png in Resources */ = {isa = PBXBuildFile; fileRef = 4DD005EE1C609EDB007D4D2F /* ic_sort.png */; };
		4DD006001C609EDB007D4D2F /* ic_sort_asc.png in Resources */ = {isa = PBXBuildFile; fileRef = 4DD005EF1C609EDB007D4D2F /* ic_sort_asc.png */; };
		4DD006011C609EDB007D4D2F /* ic_speed_normal.png in Resources */ = {isa = PBXBuildFile; fileRef = 4DD005F01C609EDB007D4D2F /* ic_speed_normal.png */; };
		4DD006021C609EDB007D4D2F /* ic_speed_testing.png in Resources */ = {isa = PBXBuildFile; fileRef = 4DD005F11C609EDB007D4D2F /* ic_speed_testing.png */; };
		4DD006031C609EDB007D4D2F /* ic_start_time.png in Resources */ = {isa = PBXBuildFile; fileRef = 4DD005F21C609EDB007D4D2F /* ic_start_time.png */; };
		4DD006041C609EDB007D4D2F /* ic_start_time_normal.png in Resources */ = {isa = PBXBuildFile; fileRef = 4DD005F31C609EDB007D4D2F /* ic_start_time_normal.png */; };
		4DD006051C609EDB007D4D2F /* ic_video_normal.png in Resources */ = {isa = PBXBuildFile; fileRef = 4DD005F41C609EDB007D4D2F /* ic_video_normal.png */; };
		4DD006061C609EDB007D4D2F /* ic_video_testing.png in Resources */ = {isa = PBXBuildFile; fileRef = 4DD005F51C609EDB007D4D2F /* ic_video_testing.png */; };
		4DD006071C609EDB007D4D2F /* ic_web_normal.png in Resources */ = {isa = PBXBuildFile; fileRef = 4DD005F61C609EDB007D4D2F /* ic_web_normal.png */; };
		4DD006081C609EDB007D4D2F /* ic_web_test.png in Resources */ = {isa = PBXBuildFile; fileRef = 4DD005F71C609EDB007D4D2F /* ic_web_test.png */; };
		4DD033911C734BB400A8CE9B /* ic_language_select.png in Resources */ = {isa = PBXBuildFile; fileRef = 4DD033901C734BB400A8CE9B /* ic_language_select.png */; };
		561447C11C59BCE900003B9A /* SVPointView.m in Sources */ = {isa = PBXBuildFile; fileRef = 561447C01C59BCE900003B9A /* SVPointView.m */; };
		561A36B91C89693F00AC5F5E /* SVUploadFile.m in Sources */ = {isa = PBXBuildFile; fileRef = 561A36B81C89693F00AC5F5E /* SVUploadFile.m */; };
		561A36BF1C896A0C00AC5F5E /* SVResultCell.m in Sources */ = {isa = PBXBuildFile; fileRef = 561A36BC1C896A0C00AC5F5E /* SVResultCell.m */; };
		561A36C01C896A0C00AC5F5E /* SVToolCells.m in Sources */ = {isa = PBXBuildFile; fileRef = 561A36BE1C896A0C00AC5F5E /* SVToolCells.m */; };
		561A36D11C896B5A00AC5F5E /* SVAboutViewCtrl.m in Sources */ = {isa = PBXBuildFile; fileRef = 561A36C61C896B5A00AC5F5E /* SVAboutViewCtrl.m */; };
		561A36D21C896B5A00AC5F5E /* SVAdvancedViewCtrl.m in Sources */ = {isa = PBXBuildFile; fileRef = 561A36C81C896B5A00AC5F5E /* SVAdvancedViewCtrl.m */; };
		561A36D31C896B5A00AC5F5E /* SVBWSettingViewCtrl.m in Sources */ = {isa = PBXBuildFile; fileRef = 561A36CA1C896B5A00AC5F5E /* SVBWSettingViewCtrl.m */; };
		561A36D41C896B5A00AC5F5E /* SVLanguageSettingViewCtrl.m in Sources */ = {isa = PBXBuildFile; fileRef = 561A36CC1C896B5A00AC5F5E /* SVLanguageSettingViewCtrl.m */; };
		561A36D51C896B5A00AC5F5E /* SVLogsViewCtrl.m in Sources */ = {isa = PBXBuildFile; fileRef = 561A36CE1C896B5A00AC5F5E /* SVLogsViewCtrl.m */; };
		561A36D61C896B5A00AC5F5E /* SVSettingsViewCtrl.m in Sources */ = {isa = PBXBuildFile; fileRef = 561A36D01C896B5A00AC5F5E /* SVSettingsViewCtrl.m */; };
		561A36DA1C896B7E00AC5F5E /* SVTestViewCtrl.m in Sources */ = {isa = PBXBuildFile; fileRef = 561A36D91C896B7E00AC5F5E /* SVTestViewCtrl.m */; };
		561A36E21C896BAF00AC5F5E /* SVCurrentResultViewCtrl.m in Sources */ = {isa = PBXBuildFile; fileRef = 561A36DD1C896BAF00AC5F5E /* SVCurrentResultViewCtrl.m */; };
		561A36E31C896BAF00AC5F5E /* SVDetailViewCtrl.m in Sources */ = {isa = PBXBuildFile; fileRef = 561A36DF1C896BAF00AC5F5E /* SVDetailViewCtrl.m */; };
		561A36E41C896BAF00AC5F5E /* SVResultViewCtrl.m in Sources */ = {isa = PBXBuildFile; fileRef = 561A36E11C896BAF00AC5F5E /* SVResultViewCtrl.m */; };
		561A36EA1C896BD700AC5F5E /* SVTestingCtrl.m in Sources */ = {isa = PBXBuildFile; fileRef = 561A36E71C896BD700AC5F5E /* SVTestingCtrl.m */; };
		563200561C7223560076A0FF /* homeindicator.png in Resources */ = {isa = PBXBuildFile; fileRef = 563200551C7223560076A0FF /* homeindicator.png */; };
		5644354C1C5215AB009B7024 /* i18n.strings in Resources */ = {isa = PBXBuildFile; fileRef = 5644354E1C5215AB009B7024 /* i18n.strings */; };
		564435771C5216AD009B7024 /* CTViewTools.m in Sources */ = {isa = PBXBuildFile; fileRef = 564435761C5216AD009B7024 /* CTViewTools.m */; };
		565DFAE81C515BB10024FF45 /* ic_speed_check.png in Resources */ = {isa = PBXBuildFile; fileRef = 565DFADB1C515BB10024FF45 /* ic_speed_check.png */; };
		565DFAE91C515BB10024FF45 /* ic_speed_label.png in Resources */ = {isa = PBXBuildFile; fileRef = 565DFADC1C515BB10024FF45 /* ic_speed_label.png */; };
		565DFAEA1C515BB10024FF45 /* ic_speed_normal.png in Resources */ = {isa = PBXBuildFile; fileRef = 565DFADD1C515BB10024FF45 /* ic_speed_normal.png */; };
		565DFAEB1C515BB10024FF45 /* ic_speed_testing.png in Resources */ = {isa = PBXBuildFile; fileRef = 565DFADE1C515BB10024FF45 /* ic_speed_testing.png */; };
		565DFAEC1C515BB10024FF45 /* ic_video_check.png in Resources */ = {isa = PBXBuildFile; fileRef = 565DFADF1C515BB10024FF45 /* ic_video_check.png */; };
		565DFAED1C515BB10024FF45 /* ic_video_label.png in Resources */ = {isa = PBXBuildFile; fileRef = 565DFAE01C515BB10024FF45 /* ic_video_label.png */; };
		565DFAEE1C515BB10024FF45 /* ic_video_normal.png in Resources */ = {isa = PBXBuildFile; fileRef = 565DFAE11C515BB10024FF45 /* ic_video_normal.png */; };
		565DFAEF1C515BB10024FF45 /* ic_video_testing.png in Resources */ = {isa = PBXBuildFile; fileRef = 565DFAE21C515BB10024FF45 /* ic_video_testing.png */; };
		565DFAF01C515BB10024FF45 /* ic_web_check.png in Resources */ = {isa = PBXBuildFile; fileRef = 565DFAE31C515BB10024FF45 /* ic_web_check.png */; };
		565DFAF11C515BB10024FF45 /* ic_web_label.png in Resources */ = {isa = PBXBuildFile; fileRef = 565DFAE41C515BB10024FF45 /* ic_web_label.png */; };
		566589E21C88414600269F78 /* SVFooterView.m in Sources */ = {isa = PBXBuildFile; fileRef = 566589DD1C88414600269F78 /* SVFooterView.m */; };
		566589E31C88414600269F78 /* SVHeaderView.m in Sources */ = {isa = PBXBuildFile; fileRef = 566589DF1C88414600269F78 /* SVHeaderView.m */; };
		566589E41C88414600269F78 /* SVVideoView.m in Sources */ = {isa = PBXBuildFile; fileRef = 566589E11C88414600269F78 /* SVVideoView.m */; };
		56665D381C71F9E100A63D44 /* SVToolModels.m in Sources */ = {isa = PBXBuildFile; fileRef = 56665D371C71F9E100A63D44 /* SVToolModels.m */; };
		567582241C7BF797009BEFFB /* ic_settings_mobile.png in Resources */ = {isa = PBXBuildFile; fileRef = 567582221C7BF797009BEFFB /* ic_settings_mobile.png */; };
		567582251C7BF797009BEFFB /* ic_settings_wifi.png in Resources */ = {isa = PBXBuildFile; fileRef = 567582231C7BF797009BEFFB /* ic_settings_wifi.png */; };
		568D42B11C8991A400F2916B /* SVFAQViewCtrl.m in Sources */ = {isa = PBXBuildFile; fileRef = 568D42B01C8991A400F2916B /* SVFAQViewCtrl.m */; };
		568D42B41C89E20B00F2916B /* SVBandWidthCtrl.m in Sources */ = {isa = PBXBuildFile; fileRef = 568D42B31C89E20B00F2916B /* SVBandWidthCtrl.m */; };
		568E033C1C78135D00A7CD72 /* rt_detail_title_collector_img.png in Resources */ = {isa = PBXBuildFile; fileRef = 568E03371C78135D00A7CD72 /* rt_detail_title_collector_img.png */; };
		568E033D1C78135D00A7CD72 /* rt_detail_title_ftp_img.png in Resources */ = {isa = PBXBuildFile; fileRef = 568E03381C78135D00A7CD72 /* rt_detail_title_ftp_img.png */; };
		568E033E1C78135D00A7CD72 /* rt_detail_title_video_img.png in Resources */ = {isa = PBXBuildFile; fileRef = 568E03391C78135D00A7CD72 /* rt_detail_title_video_img.png */; };
		568E033F1C78135D00A7CD72 /* rt_detail_title_web_img.png in Resources */ = {isa = PBXBuildFile; fileRef = 568E033A1C78135D00A7CD72 /* rt_detail_title_web_img.png */; };
		568E03401C78135D00A7CD72 /* share.png in Resources */ = {isa = PBXBuildFile; fileRef = 568E033B1C78135D00A7CD72 /* share.png */; };
		568E03421C78137C00A7CD72 /* ic_language_select.png in Resources */ = {isa = PBXBuildFile; fileRef = 568E03411C78137C00A7CD72 /* ic_language_select.png */; };
		56A919151C4F4BAA00E8BB72 /* AppDelegate.m in Sources */ = {isa = PBXBuildFile; fileRef = 56A919101C4F4BAA00E8BB72 /* AppDelegate.m */; };
		56A919181C4F4BAB00E8BB72 /* ViewController.m in Sources */ = {isa = PBXBuildFile; fileRef = 56A919141C4F4BAA00E8BB72 /* ViewController.m */; };
		56AA27361C57090400FA5D0F /* CTWBViewTools.m in Sources */ = {isa = PBXBuildFile; fileRef = 56AA27351C57090400FA5D0F /* CTWBViewTools.m */; };
		56AA273B1C57122500FA5D0F /* Assets.xcassets in Resources */ = {isa = PBXBuildFile; fileRef = 56AA27391C57122500FA5D0F /* Assets.xcassets */; };
		56AA74771C7C36C500BA7E51 /* clock_middle.png in Resources */ = {isa = PBXBuildFile; fileRef = 56AA74711C7C36C500BA7E51 /* clock_middle.png */; };
		56AA74791C7C36C500BA7E51 /* clock_pointer_gray.png in Resources */ = {isa = PBXBuildFile; fileRef = 56AA74731C7C36C500BA7E51 /* clock_pointer_gray.png */; };
		56AA747A1C7C36C500BA7E51 /* clock_speed_panel.png in Resources */ = {isa = PBXBuildFile; fileRef = 56AA74741C7C36C500BA7E51 /* clock_speed_panel.png */; };
		56AA747B1C7C36C500BA7E51 /* clock_video_panel.png in Resources */ = {isa = PBXBuildFile; fileRef = 56AA74751C7C36C500BA7E51 /* clock_video_panel.png */; };
		56AA747C1C7C36C500BA7E51 /* clock_web_panel.png in Resources */ = {isa = PBXBuildFile; fileRef = 56AA74761C7C36C500BA7E51 /* clock_web_panel.png */; };
		56AA747E1C7C389400BA7E51 /* SVPointView.xib in Resources */ = {isa = PBXBuildFile; fileRef = 56AA747D1C7C389400BA7E51 /* SVPointView.xib */; };
		56AA74801C7C3A9900BA7E51 /* clock_pointer_blue.png in Resources */ = {isa = PBXBuildFile; fileRef = 56AA747F1C7C3A9900BA7E51 /* clock_pointer_blue.png */; };
		56B5180D1C5126C700AA76F1 /* UIView+Exten.m in Sources */ = {isa = PBXBuildFile; fileRef = 56B5180C1C5126C700AA76F1 /* UIView+Exten.m */; };
		56BA8FDA1C561E9100886CAE /* SVToolModel.m in Sources */ = {isa = PBXBuildFile; fileRef = 56BA8FCA1C561E9100886CAE /* SVToolModel.m */; };
		56BA8FDB1C561E9100886CAE /* AlertView.m in Sources */ = {isa = PBXBuildFile; fileRef = 56BA8FCD1C561E9100886CAE /* AlertView.m */; };
		56BA8FDC1C561E9100886CAE /* SVToolCell.m in Sources */ = {isa = PBXBuildFile; fileRef = 56BA8FCF1C561E9100886CAE /* SVToolCell.m */; };
		56BB06481C897048005EE173 /* icon.png in Resources */ = {isa = PBXBuildFile; fileRef = 56BB06471C897048005EE173 /* icon.png */; };
		56EC8C811C4F45A500EBDA6C /* SVTabBarController.m in Sources */ = {isa = PBXBuildFile; fileRef = 56EC8C601C4F45A500EBDA6C /* SVTabBarController.m */; };
		56EC8C931C4F467000EBDA6C /* tabbar_result.png in Resources */ = {isa = PBXBuildFile; fileRef = 56EC8C8C1C4F467000EBDA6C /* tabbar_result.png */; };
		56EC8C941C4F467000EBDA6C /* tabbar_result_selected.png in Resources */ = {isa = PBXBuildFile; fileRef = 56EC8C8D1C4F467000EBDA6C /* tabbar_result_selected.png */; };
		56EC8C951C4F467000EBDA6C /* tabbar_settings.png in Resources */ = {isa = PBXBuildFile; fileRef = 56EC8C8E1C4F467000EBDA6C /* tabbar_settings.png */; };
		56EC8C961C4F467000EBDA6C /* tabbar_settings_selected.png in Resources */ = {isa = PBXBuildFile; fileRef = 56EC8C8F1C4F467000EBDA6C /* tabbar_settings_selected.png */; };
		56EC8C971C4F467000EBDA6C /* tabbar_test.png in Resources */ = {isa = PBXBuildFile; fileRef = 56EC8C901C4F467000EBDA6C /* tabbar_test.png */; };
		56EC8C981C4F467000EBDA6C /* tabbar_test_selected.png in Resources */ = {isa = PBXBuildFile; fileRef = 56EC8C911C4F467000EBDA6C /* tabbar_test_selected.png */; };
		56F523E41C4DCF7F00E6472B /* main.m in Sources */ = {isa = PBXBuildFile; fileRef = 56F523E31C4DCF7F00E6472B /* main.m */; };
		B70FF3D61C6582AA002D571B /* SPUIViewTests.m in Sources */ = {isa = PBXBuildFile; fileRef = B70FF3D51C6582AA002D571B /* SPUIViewTests.m */; };
		B71F89031C8D7E56002E8375 /* SVToast.m in Sources */ = {isa = PBXBuildFile; fileRef = B71F89021C8D7E56002E8375 /* SVToast.m */; };
		B72646AC1C87E3F400CB7DFF /* SPCommon.framework in Frameworks */ = {isa = PBXBuildFile; fileRef = B72AC8611C76EA3D00AAC3B3 /* SPCommon.framework */; };
		B72646AD1C87E3F400CB7DFF /* SPCommon.framework in Embed Frameworks */ = {isa = PBXBuildFile; fileRef = B72AC8611C76EA3D00AAC3B3 /* SPCommon.framework */; settings = {ATTRIBUTES = (CodeSignOnCopy, RemoveHeadersOnCopy, ); }; };
		B72646AE1C87E3F400CB7DFF /* SPService.framework in Frameworks */ = {isa = PBXBuildFile; fileRef = B72AC8621C76EA3D00AAC3B3 /* SPService.framework */; };
		B72646AF1C87E3F400CB7DFF /* SPService.framework in Embed Frameworks */ = {isa = PBXBuildFile; fileRef = B72AC8621C76EA3D00AAC3B3 /* SPService.framework */; settings = {ATTRIBUTES = (CodeSignOnCopy, RemoveHeadersOnCopy, ); }; };
		B72A1D0E1C7192B600C3141A /* speed_pro.png in Resources */ = {isa = PBXBuildFile; fileRef = B72A1D0D1C7192B600C3141A /* speed_pro.png */; };
		B7CAB7C81C7416E100108B02 /* SVDetailViewModel.m in Sources */ = {isa = PBXBuildFile; fileRef = B7CAB7C71C7416E100108B02 /* SVDetailViewModel.m */; };
		B7CD57521C70C7FB00668E88 /* SVCurrentResultModel.m in Sources */ = {isa = PBXBuildFile; fileRef = B7CD57511C70C7FB00668E88 /* SVCurrentResultModel.m */; };
		B7F3CA4A1C72CA3F009B087F /* toast_icon.png in Resources */ = {isa = PBXBuildFile; fileRef = B7F3CA491C72CA3F009B087F /* toast_icon.png */; };
/* End PBXBuildFile section */

/* Begin PBXContainerItemProxy section */
		B70FF3D81C6582AA002D571B /* PBXContainerItemProxy */ = {
			isa = PBXContainerItemProxy;
			containerPortal = 56F523D71C4DCF7F00E6472B /* Project object */;
			proxyType = 1;
			remoteGlobalIDString = 56F523DE1C4DCF7F00E6472B;
			remoteInfo = SPUIView;
		};
/* End PBXContainerItemProxy section */

/* Begin PBXCopyFilesBuildPhase section */
		56A239E41C7D9E4D000C6341 /* Copy Files */ = {
			isa = PBXCopyFilesBuildPhase;
			buildActionMask = 2147483647;
			dstPath = "";
			dstSubfolderSpec = 7;
			files = (
			);
			name = "Copy Files";
			runOnlyForDeploymentPostprocessing = 0;
		};
		B72646AB1C87DEC200CB7DFF /* Embed Frameworks */ = {
			isa = PBXCopyFilesBuildPhase;
			buildActionMask = 2147483647;
			dstPath = "";
			dstSubfolderSpec = 10;
			files = (
				B72646AD1C87E3F400CB7DFF /* SPCommon.framework in Embed Frameworks */,
				B72646AF1C87E3F400CB7DFF /* SPService.framework in Embed Frameworks */,
			);
			name = "Embed Frameworks";
			runOnlyForDeploymentPostprocessing = 0;
		};
/* End PBXCopyFilesBuildPhase section */

/* Begin PBXFileReference section */
		4DD005E91C609EDB007D4D2F /* ic_clear.png */ = {isa = PBXFileReference; lastKnownFileType = image.png; path = ic_clear.png; sourceTree = "<group>"; };
		4DD005EA1C609EDB007D4D2F /* ic_network_type.png */ = {isa = PBXFileReference; lastKnownFileType = image.png; path = ic_network_type.png; sourceTree = "<group>"; };
		4DD005EB1C609EDB007D4D2F /* ic_network_type_mobile.png */ = {isa = PBXFileReference; lastKnownFileType = image.png; path = ic_network_type_mobile.png; sourceTree = "<group>"; };
		4DD005EC1C609EDB007D4D2F /* ic_network_type_normal.png */ = {isa = PBXFileReference; lastKnownFileType = image.png; path = ic_network_type_normal.png; sourceTree = "<group>"; };
		4DD005ED1C609EDB007D4D2F /* ic_network_type_wifi.png */ = {isa = PBXFileReference; lastKnownFileType = image.png; path = ic_network_type_wifi.png; sourceTree = "<group>"; };
		4DD005EE1C609EDB007D4D2F /* ic_sort.png */ = {isa = PBXFileReference; lastKnownFileType = image.png; path = ic_sort.png; sourceTree = "<group>"; };
		4DD005EF1C609EDB007D4D2F /* ic_sort_asc.png */ = {isa = PBXFileReference; lastKnownFileType = image.png; path = ic_sort_asc.png; sourceTree = "<group>"; };
		4DD005F01C609EDB007D4D2F /* ic_speed_normal.png */ = {isa = PBXFileReference; lastKnownFileType = image.png; path = ic_speed_normal.png; sourceTree = "<group>"; };
		4DD005F11C609EDB007D4D2F /* ic_speed_testing.png */ = {isa = PBXFileReference; lastKnownFileType = image.png; path = ic_speed_testing.png; sourceTree = "<group>"; };
		4DD005F21C609EDB007D4D2F /* ic_start_time.png */ = {isa = PBXFileReference; lastKnownFileType = image.png; path = ic_start_time.png; sourceTree = "<group>"; };
		4DD005F31C609EDB007D4D2F /* ic_start_time_normal.png */ = {isa = PBXFileReference; lastKnownFileType = image.png; path = ic_start_time_normal.png; sourceTree = "<group>"; };
		4DD005F41C609EDB007D4D2F /* ic_video_normal.png */ = {isa = PBXFileReference; lastKnownFileType = image.png; path = ic_video_normal.png; sourceTree = "<group>"; };
		4DD005F51C609EDB007D4D2F /* ic_video_testing.png */ = {isa = PBXFileReference; lastKnownFileType = image.png; path = ic_video_testing.png; sourceTree = "<group>"; };
		4DD005F61C609EDB007D4D2F /* ic_web_normal.png */ = {isa = PBXFileReference; lastKnownFileType = image.png; path = ic_web_normal.png; sourceTree = "<group>"; };
		4DD005F71C609EDB007D4D2F /* ic_web_test.png */ = {isa = PBXFileReference; lastKnownFileType = image.png; path = ic_web_test.png; sourceTree = "<group>"; };
		4DD033901C734BB400A8CE9B /* ic_language_select.png */ = {isa = PBXFileReference; lastKnownFileType = image.png; name = ic_language_select.png; path = ../ic_language_select.png; sourceTree = "<group>"; };
		561447BF1C59BCE900003B9A /* SVPointView.h */ = {isa = PBXFileReference; fileEncoding = 4; lastKnownFileType = sourcecode.c.h; path = SVPointView.h; sourceTree = "<group>"; };
		561447C01C59BCE900003B9A /* SVPointView.m */ = {isa = PBXFileReference; fileEncoding = 4; lastKnownFileType = sourcecode.c.objc; path = SVPointView.m; sourceTree = "<group>"; };
		561A36B71C89693F00AC5F5E /* SVUploadFile.h */ = {isa = PBXFileReference; fileEncoding = 4; lastKnownFileType = sourcecode.c.h; path = SVUploadFile.h; sourceTree = "<group>"; };
		561A36B81C89693F00AC5F5E /* SVUploadFile.m */ = {isa = PBXFileReference; fileEncoding = 4; lastKnownFileType = sourcecode.c.objc; path = SVUploadFile.m; sourceTree = "<group>"; };
		561A36BB1C896A0C00AC5F5E /* SVResultCell.h */ = {isa = PBXFileReference; fileEncoding = 4; lastKnownFileType = sourcecode.c.h; path = SVResultCell.h; sourceTree = "<group>"; };
		561A36BC1C896A0C00AC5F5E /* SVResultCell.m */ = {isa = PBXFileReference; fileEncoding = 4; lastKnownFileType = sourcecode.c.objc; path = SVResultCell.m; sourceTree = "<group>"; };
		561A36BD1C896A0C00AC5F5E /* SVToolCells.h */ = {isa = PBXFileReference; fileEncoding = 4; lastKnownFileType = sourcecode.c.h; path = SVToolCells.h; sourceTree = "<group>"; };
		561A36BE1C896A0C00AC5F5E /* SVToolCells.m */ = {isa = PBXFileReference; fileEncoding = 4; lastKnownFileType = sourcecode.c.objc; path = SVToolCells.m; sourceTree = "<group>"; };
		561A36C51C896B5A00AC5F5E /* SVAboutViewCtrl.h */ = {isa = PBXFileReference; fileEncoding = 4; lastKnownFileType = sourcecode.c.h; path = SVAboutViewCtrl.h; sourceTree = "<group>"; };
		561A36C61C896B5A00AC5F5E /* SVAboutViewCtrl.m */ = {isa = PBXFileReference; fileEncoding = 4; lastKnownFileType = sourcecode.c.objc; path = SVAboutViewCtrl.m; sourceTree = "<group>"; };
		561A36C71C896B5A00AC5F5E /* SVAdvancedViewCtrl.h */ = {isa = PBXFileReference; fileEncoding = 4; lastKnownFileType = sourcecode.c.h; path = SVAdvancedViewCtrl.h; sourceTree = "<group>"; };
		561A36C81C896B5A00AC5F5E /* SVAdvancedViewCtrl.m */ = {isa = PBXFileReference; fileEncoding = 4; lastKnownFileType = sourcecode.c.objc; path = SVAdvancedViewCtrl.m; sourceTree = "<group>"; };
		561A36C91C896B5A00AC5F5E /* SVBWSettingViewCtrl.h */ = {isa = PBXFileReference; fileEncoding = 4; lastKnownFileType = sourcecode.c.h; path = SVBWSettingViewCtrl.h; sourceTree = "<group>"; };
		561A36CA1C896B5A00AC5F5E /* SVBWSettingViewCtrl.m */ = {isa = PBXFileReference; fileEncoding = 4; lastKnownFileType = sourcecode.c.objc; path = SVBWSettingViewCtrl.m; sourceTree = "<group>"; };
		561A36CB1C896B5A00AC5F5E /* SVLanguageSettingViewCtrl.h */ = {isa = PBXFileReference; fileEncoding = 4; lastKnownFileType = sourcecode.c.h; path = SVLanguageSettingViewCtrl.h; sourceTree = "<group>"; };
		561A36CC1C896B5A00AC5F5E /* SVLanguageSettingViewCtrl.m */ = {isa = PBXFileReference; fileEncoding = 4; lastKnownFileType = sourcecode.c.objc; path = SVLanguageSettingViewCtrl.m; sourceTree = "<group>"; };
		561A36CD1C896B5A00AC5F5E /* SVLogsViewCtrl.h */ = {isa = PBXFileReference; fileEncoding = 4; lastKnownFileType = sourcecode.c.h; path = SVLogsViewCtrl.h; sourceTree = "<group>"; };
		561A36CE1C896B5A00AC5F5E /* SVLogsViewCtrl.m */ = {isa = PBXFileReference; fileEncoding = 4; lastKnownFileType = sourcecode.c.objc; path = SVLogsViewCtrl.m; sourceTree = "<group>"; };
		561A36CF1C896B5A00AC5F5E /* SVSettingsViewCtrl.h */ = {isa = PBXFileReference; fileEncoding = 4; lastKnownFileType = sourcecode.c.h; path = SVSettingsViewCtrl.h; sourceTree = "<group>"; };
		561A36D01C896B5A00AC5F5E /* SVSettingsViewCtrl.m */ = {isa = PBXFileReference; fileEncoding = 4; lastKnownFileType = sourcecode.c.objc; path = SVSettingsViewCtrl.m; sourceTree = "<group>"; };
		561A36D81C896B7E00AC5F5E /* SVTestViewCtrl.h */ = {isa = PBXFileReference; fileEncoding = 4; lastKnownFileType = sourcecode.c.h; path = SVTestViewCtrl.h; sourceTree = "<group>"; };
		561A36D91C896B7E00AC5F5E /* SVTestViewCtrl.m */ = {isa = PBXFileReference; fileEncoding = 4; lastKnownFileType = sourcecode.c.objc; path = SVTestViewCtrl.m; sourceTree = "<group>"; };
		561A36DC1C896BAF00AC5F5E /* SVCurrentResultViewCtrl.h */ = {isa = PBXFileReference; fileEncoding = 4; lastKnownFileType = sourcecode.c.h; path = SVCurrentResultViewCtrl.h; sourceTree = "<group>"; };
		561A36DD1C896BAF00AC5F5E /* SVCurrentResultViewCtrl.m */ = {isa = PBXFileReference; fileEncoding = 4; lastKnownFileType = sourcecode.c.objc; path = SVCurrentResultViewCtrl.m; sourceTree = "<group>"; };
		561A36DE1C896BAF00AC5F5E /* SVDetailViewCtrl.h */ = {isa = PBXFileReference; fileEncoding = 4; lastKnownFileType = sourcecode.c.h; path = SVDetailViewCtrl.h; sourceTree = "<group>"; };
		561A36DF1C896BAF00AC5F5E /* SVDetailViewCtrl.m */ = {isa = PBXFileReference; fileEncoding = 4; lastKnownFileType = sourcecode.c.objc; path = SVDetailViewCtrl.m; sourceTree = "<group>"; };
		561A36E01C896BAF00AC5F5E /* SVResultViewCtrl.h */ = {isa = PBXFileReference; fileEncoding = 4; lastKnownFileType = sourcecode.c.h; path = SVResultViewCtrl.h; sourceTree = "<group>"; };
		561A36E11C896BAF00AC5F5E /* SVResultViewCtrl.m */ = {isa = PBXFileReference; fileEncoding = 4; lastKnownFileType = sourcecode.c.objc; path = SVResultViewCtrl.m; sourceTree = "<group>"; };
		561A36E61C896BD700AC5F5E /* SVTestingCtrl.h */ = {isa = PBXFileReference; fileEncoding = 4; lastKnownFileType = sourcecode.c.h; path = SVTestingCtrl.h; sourceTree = "<group>"; };
		561A36E71C896BD700AC5F5E /* SVTestingCtrl.m */ = {isa = PBXFileReference; fileEncoding = 4; lastKnownFileType = sourcecode.c.objc; path = SVTestingCtrl.m; sourceTree = "<group>"; };
		563200551C7223560076A0FF /* homeindicator.png */ = {isa = PBXFileReference; lastKnownFileType = image.png; path = homeindicator.png; sourceTree = "<group>"; };
		5644354D1C5215AB009B7024 /* en */ = {isa = PBXFileReference; lastKnownFileType = text.plist.strings; name = en; path = en.lproj/i18n.strings; sourceTree = "<group>"; };
		564435751C5216AD009B7024 /* CTViewTools.h */ = {isa = PBXFileReference; fileEncoding = 4; lastKnownFileType = sourcecode.c.h; path = CTViewTools.h; sourceTree = "<group>"; };
		564435761C5216AD009B7024 /* CTViewTools.m */ = {isa = PBXFileReference; fileEncoding = 4; lastKnownFileType = sourcecode.c.objc; path = CTViewTools.m; sourceTree = "<group>"; };
		565DFADB1C515BB10024FF45 /* ic_speed_check.png */ = {isa = PBXFileReference; lastKnownFileType = image.png; path = ic_speed_check.png; sourceTree = "<group>"; };
		565DFADC1C515BB10024FF45 /* ic_speed_label.png */ = {isa = PBXFileReference; lastKnownFileType = image.png; path = ic_speed_label.png; sourceTree = "<group>"; };
		565DFADD1C515BB10024FF45 /* ic_speed_normal.png */ = {isa = PBXFileReference; lastKnownFileType = image.png; path = ic_speed_normal.png; sourceTree = "<group>"; };
		565DFADE1C515BB10024FF45 /* ic_speed_testing.png */ = {isa = PBXFileReference; lastKnownFileType = image.png; path = ic_speed_testing.png; sourceTree = "<group>"; };
		565DFADF1C515BB10024FF45 /* ic_video_check.png */ = {isa = PBXFileReference; lastKnownFileType = image.png; path = ic_video_check.png; sourceTree = "<group>"; };
		565DFAE01C515BB10024FF45 /* ic_video_label.png */ = {isa = PBXFileReference; lastKnownFileType = image.png; path = ic_video_label.png; sourceTree = "<group>"; };
		565DFAE11C515BB10024FF45 /* ic_video_normal.png */ = {isa = PBXFileReference; lastKnownFileType = image.png; path = ic_video_normal.png; sourceTree = "<group>"; };
		565DFAE21C515BB10024FF45 /* ic_video_testing.png */ = {isa = PBXFileReference; lastKnownFileType = image.png; path = ic_video_testing.png; sourceTree = "<group>"; };
		565DFAE31C515BB10024FF45 /* ic_web_check.png */ = {isa = PBXFileReference; lastKnownFileType = image.png; path = ic_web_check.png; sourceTree = "<group>"; };
		565DFAE41C515BB10024FF45 /* ic_web_label.png */ = {isa = PBXFileReference; lastKnownFileType = image.png; path = ic_web_label.png; sourceTree = "<group>"; };
		56622C4D1C4F320A00B4A50B /* CTCommonDefine.pch */ = {isa = PBXFileReference; fileEncoding = 4; lastKnownFileType = sourcecode.c.h; path = CTCommonDefine.pch; sourceTree = "<group>"; };
		566589DC1C88414600269F78 /* SVFooterView.h */ = {isa = PBXFileReference; fileEncoding = 4; lastKnownFileType = sourcecode.c.h; path = SVFooterView.h; sourceTree = "<group>"; };
		566589DD1C88414600269F78 /* SVFooterView.m */ = {isa = PBXFileReference; fileEncoding = 4; lastKnownFileType = sourcecode.c.objc; path = SVFooterView.m; sourceTree = "<group>"; };
		566589DE1C88414600269F78 /* SVHeaderView.h */ = {isa = PBXFileReference; fileEncoding = 4; lastKnownFileType = sourcecode.c.h; path = SVHeaderView.h; sourceTree = "<group>"; };
		566589DF1C88414600269F78 /* SVHeaderView.m */ = {isa = PBXFileReference; fileEncoding = 4; lastKnownFileType = sourcecode.c.objc; path = SVHeaderView.m; sourceTree = "<group>"; };
		566589E01C88414600269F78 /* SVVideoView.h */ = {isa = PBXFileReference; fileEncoding = 4; lastKnownFileType = sourcecode.c.h; path = SVVideoView.h; sourceTree = "<group>"; };
		566589E11C88414600269F78 /* SVVideoView.m */ = {isa = PBXFileReference; fileEncoding = 4; lastKnownFileType = sourcecode.c.objc; path = SVVideoView.m; sourceTree = "<group>"; };
		56665D361C71F9E100A63D44 /* SVToolModels.h */ = {isa = PBXFileReference; fileEncoding = 4; lastKnownFileType = sourcecode.c.h; path = SVToolModels.h; sourceTree = "<group>"; };
		56665D371C71F9E100A63D44 /* SVToolModels.m */ = {isa = PBXFileReference; fileEncoding = 4; lastKnownFileType = sourcecode.c.objc; path = SVToolModels.m; sourceTree = "<group>"; };
		567582221C7BF797009BEFFB /* ic_settings_mobile.png */ = {isa = PBXFileReference; lastKnownFileType = image.png; path = ic_settings_mobile.png; sourceTree = "<group>"; };
		567582231C7BF797009BEFFB /* ic_settings_wifi.png */ = {isa = PBXFileReference; lastKnownFileType = image.png; path = ic_settings_wifi.png; sourceTree = "<group>"; };
		568D42AF1C8991A400F2916B /* SVFAQViewCtrl.h */ = {isa = PBXFileReference; fileEncoding = 4; lastKnownFileType = sourcecode.c.h; path = SVFAQViewCtrl.h; sourceTree = "<group>"; };
		568D42B01C8991A400F2916B /* SVFAQViewCtrl.m */ = {isa = PBXFileReference; fileEncoding = 4; lastKnownFileType = sourcecode.c.objc; path = SVFAQViewCtrl.m; sourceTree = "<group>"; };
		568D42B21C89E20B00F2916B /* SVBandWidthCtrl.h */ = {isa = PBXFileReference; fileEncoding = 4; lastKnownFileType = sourcecode.c.h; path = SVBandWidthCtrl.h; sourceTree = "<group>"; };
		568D42B31C89E20B00F2916B /* SVBandWidthCtrl.m */ = {isa = PBXFileReference; fileEncoding = 4; lastKnownFileType = sourcecode.c.objc; path = SVBandWidthCtrl.m; sourceTree = "<group>"; };
		568E03371C78135D00A7CD72 /* rt_detail_title_collector_img.png */ = {isa = PBXFileReference; lastKnownFileType = image.png; path = rt_detail_title_collector_img.png; sourceTree = "<group>"; };
		568E03381C78135D00A7CD72 /* rt_detail_title_ftp_img.png */ = {isa = PBXFileReference; lastKnownFileType = image.png; path = rt_detail_title_ftp_img.png; sourceTree = "<group>"; };
		568E03391C78135D00A7CD72 /* rt_detail_title_video_img.png */ = {isa = PBXFileReference; lastKnownFileType = image.png; path = rt_detail_title_video_img.png; sourceTree = "<group>"; };
		568E033A1C78135D00A7CD72 /* rt_detail_title_web_img.png */ = {isa = PBXFileReference; lastKnownFileType = image.png; path = rt_detail_title_web_img.png; sourceTree = "<group>"; };
		568E033B1C78135D00A7CD72 /* share.png */ = {isa = PBXFileReference; lastKnownFileType = image.png; path = share.png; sourceTree = "<group>"; };
		568E03411C78137C00A7CD72 /* ic_language_select.png */ = {isa = PBXFileReference; lastKnownFileType = image.png; path = ic_language_select.png; sourceTree = "<group>"; };
		56A9190F1C4F4BAA00E8BB72 /* AppDelegate.h */ = {isa = PBXFileReference; fileEncoding = 4; lastKnownFileType = sourcecode.c.h; name = AppDelegate.h; path = ../AppDelegate.h; sourceTree = "<group>"; };
		56A919101C4F4BAA00E8BB72 /* AppDelegate.m */ = {isa = PBXFileReference; fileEncoding = 4; lastKnownFileType = sourcecode.c.objc; name = AppDelegate.m; path = ../AppDelegate.m; sourceTree = "<group>"; };
		56A919121C4F4BAA00E8BB72 /* Info.plist */ = {isa = PBXFileReference; fileEncoding = 4; lastKnownFileType = text.plist.xml; name = Info.plist; path = ../Info.plist; sourceTree = "<group>"; };
		56A919131C4F4BAA00E8BB72 /* ViewController.h */ = {isa = PBXFileReference; fileEncoding = 4; lastKnownFileType = sourcecode.c.h; name = ViewController.h; path = ../ViewController.h; sourceTree = "<group>"; };
		56A919141C4F4BAA00E8BB72 /* ViewController.m */ = {isa = PBXFileReference; fileEncoding = 4; lastKnownFileType = sourcecode.c.objc; name = ViewController.m; path = ../ViewController.m; sourceTree = "<group>"; };
		56AA27341C57090400FA5D0F /* CTWBViewTools.h */ = {isa = PBXFileReference; fileEncoding = 4; lastKnownFileType = sourcecode.c.h; path = CTWBViewTools.h; sourceTree = "<group>"; };
		56AA27351C57090400FA5D0F /* CTWBViewTools.m */ = {isa = PBXFileReference; fileEncoding = 4; lastKnownFileType = sourcecode.c.objc; path = CTWBViewTools.m; sourceTree = "<group>"; };
		56AA273A1C57122500FA5D0F /* Base */ = {isa = PBXFileReference; lastKnownFileType = folder.assetcatalog; name = Base; path = Assets.xcassets; sourceTree = "<group>"; };
		56AA74711C7C36C500BA7E51 /* clock_middle.png */ = {isa = PBXFileReference; lastKnownFileType = image.png; path = clock_middle.png; sourceTree = "<group>"; };
		56AA74731C7C36C500BA7E51 /* clock_pointer_gray.png */ = {isa = PBXFileReference; lastKnownFileType = image.png; path = clock_pointer_gray.png; sourceTree = "<group>"; };
		56AA74741C7C36C500BA7E51 /* clock_speed_panel.png */ = {isa = PBXFileReference; lastKnownFileType = image.png; path = clock_speed_panel.png; sourceTree = "<group>"; };
		56AA74751C7C36C500BA7E51 /* clock_video_panel.png */ = {isa = PBXFileReference; lastKnownFileType = image.png; path = clock_video_panel.png; sourceTree = "<group>"; };
		56AA74761C7C36C500BA7E51 /* clock_web_panel.png */ = {isa = PBXFileReference; lastKnownFileType = image.png; path = clock_web_panel.png; sourceTree = "<group>"; };
		56AA747D1C7C389400BA7E51 /* SVPointView.xib */ = {isa = PBXFileReference; fileEncoding = 4; lastKnownFileType = file.xib; path = SVPointView.xib; sourceTree = "<group>"; };
		56AA747F1C7C3A9900BA7E51 /* clock_pointer_blue.png */ = {isa = PBXFileReference; lastKnownFileType = image.png; path = clock_pointer_blue.png; sourceTree = "<group>"; };
		56B5180B1C5126C700AA76F1 /* UIView+Exten.h */ = {isa = PBXFileReference; fileEncoding = 4; lastKnownFileType = sourcecode.c.h; path = "UIView+Exten.h"; sourceTree = "<group>"; };
		56B5180C1C5126C700AA76F1 /* UIView+Exten.m */ = {isa = PBXFileReference; fileEncoding = 4; lastKnownFileType = sourcecode.c.objc; path = "UIView+Exten.m"; sourceTree = "<group>"; };
		56BA8FC91C561E9100886CAE /* SVToolModel.h */ = {isa = PBXFileReference; fileEncoding = 4; lastKnownFileType = sourcecode.c.h; path = SVToolModel.h; sourceTree = "<group>"; };
		56BA8FCA1C561E9100886CAE /* SVToolModel.m */ = {isa = PBXFileReference; fileEncoding = 4; lastKnownFileType = sourcecode.c.objc; path = SVToolModel.m; sourceTree = "<group>"; };
		56BA8FCC1C561E9100886CAE /* AlertView.h */ = {isa = PBXFileReference; fileEncoding = 4; lastKnownFileType = sourcecode.c.h; path = AlertView.h; sourceTree = "<group>"; };
		56BA8FCD1C561E9100886CAE /* AlertView.m */ = {isa = PBXFileReference; fileEncoding = 4; lastKnownFileType = sourcecode.c.objc; path = AlertView.m; sourceTree = "<group>"; };
		56BA8FCE1C561E9100886CAE /* SVToolCell.h */ = {isa = PBXFileReference; fileEncoding = 4; lastKnownFileType = sourcecode.c.h; path = SVToolCell.h; sourceTree = "<group>"; };
		56BA8FCF1C561E9100886CAE /* SVToolCell.m */ = {isa = PBXFileReference; fileEncoding = 4; lastKnownFileType = sourcecode.c.objc; path = SVToolCell.m; sourceTree = "<group>"; };
		56BB06471C897048005EE173 /* icon.png */ = {isa = PBXFileReference; lastKnownFileType = image.png; path = icon.png; sourceTree = "<group>"; };
		56EC8C5F1C4F45A500EBDA6C /* SVTabBarController.h */ = {isa = PBXFileReference; fileEncoding = 4; lastKnownFileType = sourcecode.c.h; path = SVTabBarController.h; sourceTree = "<group>"; };
		56EC8C601C4F45A500EBDA6C /* SVTabBarController.m */ = {isa = PBXFileReference; fileEncoding = 4; lastKnownFileType = sourcecode.c.objc; path = SVTabBarController.m; sourceTree = "<group>"; };
		56EC8C8C1C4F467000EBDA6C /* tabbar_result.png */ = {isa = PBXFileReference; lastKnownFileType = image.png; path = tabbar_result.png; sourceTree = "<group>"; };
		56EC8C8D1C4F467000EBDA6C /* tabbar_result_selected.png */ = {isa = PBXFileReference; lastKnownFileType = image.png; path = tabbar_result_selected.png; sourceTree = "<group>"; };
		56EC8C8E1C4F467000EBDA6C /* tabbar_settings.png */ = {isa = PBXFileReference; lastKnownFileType = image.png; path = tabbar_settings.png; sourceTree = "<group>"; };
		56EC8C8F1C4F467000EBDA6C /* tabbar_settings_selected.png */ = {isa = PBXFileReference; lastKnownFileType = image.png; path = tabbar_settings_selected.png; sourceTree = "<group>"; };
		56EC8C901C4F467000EBDA6C /* tabbar_test.png */ = {isa = PBXFileReference; lastKnownFileType = image.png; path = tabbar_test.png; sourceTree = "<group>"; };
		56EC8C911C4F467000EBDA6C /* tabbar_test_selected.png */ = {isa = PBXFileReference; lastKnownFileType = image.png; path = tabbar_test_selected.png; sourceTree = "<group>"; };
		56F523DF1C4DCF7F00E6472B /* SpeedPro.app */ = {isa = PBXFileReference; explicitFileType = wrapper.application; includeInIndex = 0; path = SpeedPro.app; sourceTree = BUILT_PRODUCTS_DIR; };
		56F523E31C4DCF7F00E6472B /* main.m */ = {isa = PBXFileReference; lastKnownFileType = sourcecode.c.objc; path = main.m; sourceTree = "<group>"; };
		B70FF3D31C6582AA002D571B /* SpeedPro.xctest */ = {isa = PBXFileReference; explicitFileType = wrapper.cfbundle; includeInIndex = 0; path = SpeedPro.xctest; sourceTree = BUILT_PRODUCTS_DIR; };
		B70FF3D51C6582AA002D571B /* SPUIViewTests.m */ = {isa = PBXFileReference; lastKnownFileType = sourcecode.c.objc; path = SPUIViewTests.m; sourceTree = "<group>"; };
		B70FF3D71C6582AA002D571B /* Info.plist */ = {isa = PBXFileReference; lastKnownFileType = text.plist.xml; path = Info.plist; sourceTree = "<group>"; };
		B71F89011C8D7E56002E8375 /* SVToast.h */ = {isa = PBXFileReference; fileEncoding = 4; lastKnownFileType = sourcecode.c.h; path = SVToast.h; sourceTree = "<group>"; };
		B71F89021C8D7E56002E8375 /* SVToast.m */ = {isa = PBXFileReference; fileEncoding = 4; lastKnownFileType = sourcecode.c.objc; path = SVToast.m; sourceTree = "<group>"; };
		B72A1D0D1C7192B600C3141A /* speed_pro.png */ = {isa = PBXFileReference; lastKnownFileType = image.png; path = speed_pro.png; sourceTree = "<group>"; };
		B72AC8611C76EA3D00AAC3B3 /* SPCommon.framework */ = {isa = PBXFileReference; lastKnownFileType = wrapper.framework; path = SPCommon.framework; sourceTree = "<group>"; };
		B72AC8621C76EA3D00AAC3B3 /* SPService.framework */ = {isa = PBXFileReference; lastKnownFileType = wrapper.framework; path = SPService.framework; sourceTree = "<group>"; };
		B7CAB7C61C7416E100108B02 /* SVDetailViewModel.h */ = {isa = PBXFileReference; fileEncoding = 4; lastKnownFileType = sourcecode.c.h; path = SVDetailViewModel.h; sourceTree = "<group>"; };
		B7CAB7C71C7416E100108B02 /* SVDetailViewModel.m */ = {isa = PBXFileReference; fileEncoding = 4; lastKnownFileType = sourcecode.c.objc; path = SVDetailViewModel.m; sourceTree = "<group>"; };
		B7CD57501C70C7FB00668E88 /* SVCurrentResultModel.h */ = {isa = PBXFileReference; fileEncoding = 4; lastKnownFileType = sourcecode.c.h; path = SVCurrentResultModel.h; sourceTree = "<group>"; };
		B7CD57511C70C7FB00668E88 /* SVCurrentResultModel.m */ = {isa = PBXFileReference; fileEncoding = 4; lastKnownFileType = sourcecode.c.objc; path = SVCurrentResultModel.m; sourceTree = "<group>"; };
		B7F3CA491C72CA3F009B087F /* toast_icon.png */ = {isa = PBXFileReference; lastKnownFileType = image.png; path = toast_icon.png; sourceTree = "<group>"; };
		B7FEB2DB1C87DDD900A027D9 /* zh */ = {isa = PBXFileReference; lastKnownFileType = text.plist.strings; name = zh; path = zh.lproj/i18n.strings; sourceTree = "<group>"; };
/* End PBXFileReference section */

/* Begin PBXFrameworksBuildPhase section */
		56F523DC1C4DCF7F00E6472B /* Frameworks */ = {
			isa = PBXFrameworksBuildPhase;
			buildActionMask = 2147483647;
			files = (
				B72646AC1C87E3F400CB7DFF /* SPCommon.framework in Frameworks */,
				B72646AE1C87E3F400CB7DFF /* SPService.framework in Frameworks */,
			);
			runOnlyForDeploymentPostprocessing = 0;
		};
		B70FF3D01C6582AA002D571B /* Frameworks */ = {
			isa = PBXFrameworksBuildPhase;
			buildActionMask = 2147483647;
			files = (
			);
			runOnlyForDeploymentPostprocessing = 0;
		};
/* End PBXFrameworksBuildPhase section */

/* Begin PBXGroup section */
		4DD005E61C609EDB007D4D2F /* Result */ = {
			isa = PBXGroup;
			children = (
				4DD033901C734BB400A8CE9B /* ic_language_select.png */,
				567582221C7BF797009BEFFB /* ic_settings_mobile.png */,
				567582231C7BF797009BEFFB /* ic_settings_wifi.png */,
				4DD005E91C609EDB007D4D2F /* ic_clear.png */,
				4DD005EA1C609EDB007D4D2F /* ic_network_type.png */,
				4DD005EB1C609EDB007D4D2F /* ic_network_type_mobile.png */,
				4DD005EC1C609EDB007D4D2F /* ic_network_type_normal.png */,
				4DD005ED1C609EDB007D4D2F /* ic_network_type_wifi.png */,
				4DD005EE1C609EDB007D4D2F /* ic_sort.png */,
				4DD005EF1C609EDB007D4D2F /* ic_sort_asc.png */,
				4DD005F01C609EDB007D4D2F /* ic_speed_normal.png */,
				4DD005F11C609EDB007D4D2F /* ic_speed_testing.png */,
				4DD005F21C609EDB007D4D2F /* ic_start_time.png */,
				4DD005F31C609EDB007D4D2F /* ic_start_time_normal.png */,
				4DD005F41C609EDB007D4D2F /* ic_video_normal.png */,
				4DD005F51C609EDB007D4D2F /* ic_video_testing.png */,
				4DD005F61C609EDB007D4D2F /* ic_web_normal.png */,
				4DD005F71C609EDB007D4D2F /* ic_web_test.png */,
			);
			path = Result;
			sourceTree = "<group>";
		};
		561A36B61C89693F00AC5F5E /* Service */ = {
			isa = PBXGroup;
			children = (
				561A36B71C89693F00AC5F5E /* SVUploadFile.h */,
				561A36B81C89693F00AC5F5E /* SVUploadFile.m */,
			);
			path = Service;
			sourceTree = "<group>";
		};
		561A36BA1C896A0C00AC5F5E /* View */ = {
			isa = PBXGroup;
			children = (
				561A36BB1C896A0C00AC5F5E /* SVResultCell.h */,
				561A36BC1C896A0C00AC5F5E /* SVResultCell.m */,
				561A36BD1C896A0C00AC5F5E /* SVToolCells.h */,
				561A36BE1C896A0C00AC5F5E /* SVToolCells.m */,
			);
			path = View;
			sourceTree = "<group>";
		};
		561A36C11C896A6D00AC5F5E /* Model */ = {
			isa = PBXGroup;
			children = (
			);
			name = Model;
			path = ../SPUIView/View/Settings/Model;
			sourceTree = "<group>";
		};
		561A36C21C896A6D00AC5F5E /* View */ = {
			isa = PBXGroup;
			children = (
			);
			name = View;
			path = ../SPUIView/View/Settings/View;
			sourceTree = "<group>";
		};
		561A36C31C896AB100AC5F5E /* Model */ = {
			isa = PBXGroup;
			children = (
			);
			path = Model;
			sourceTree = "<group>";
		};
		561A36C41C896B5A00AC5F5E /* Controller */ = {
			isa = PBXGroup;
			children = (
				561A36C51C896B5A00AC5F5E /* SVAboutViewCtrl.h */,
				561A36C61C896B5A00AC5F5E /* SVAboutViewCtrl.m */,
				561A36C71C896B5A00AC5F5E /* SVAdvancedViewCtrl.h */,
				561A36C81C896B5A00AC5F5E /* SVAdvancedViewCtrl.m */,
				561A36C91C896B5A00AC5F5E /* SVBWSettingViewCtrl.h */,
				561A36CA1C896B5A00AC5F5E /* SVBWSettingViewCtrl.m */,
				561A36CB1C896B5A00AC5F5E /* SVLanguageSettingViewCtrl.h */,
				561A36CC1C896B5A00AC5F5E /* SVLanguageSettingViewCtrl.m */,
				561A36CD1C896B5A00AC5F5E /* SVLogsViewCtrl.h */,
				561A36CE1C896B5A00AC5F5E /* SVLogsViewCtrl.m */,
				561A36CF1C896B5A00AC5F5E /* SVSettingsViewCtrl.h */,
				561A36D01C896B5A00AC5F5E /* SVSettingsViewCtrl.m */,
				568D42AF1C8991A400F2916B /* SVFAQViewCtrl.h */,
				568D42B01C8991A400F2916B /* SVFAQViewCtrl.m */,
				568D42B21C89E20B00F2916B /* SVBandWidthCtrl.h */,
				568D42B31C89E20B00F2916B /* SVBandWidthCtrl.m */,
			);
			name = Controller;
			path = SPUIView/View/Settings/Controller;
			sourceTree = SOURCE_ROOT;
		};
		561A36D71C896B7E00AC5F5E /* Controller */ = {
			isa = PBXGroup;
			children = (
				561A36D81C896B7E00AC5F5E /* SVTestViewCtrl.h */,
				561A36D91C896B7E00AC5F5E /* SVTestViewCtrl.m */,
			);
			path = Controller;
			sourceTree = "<group>";
		};
		561A36DB1C896BAF00AC5F5E /* Controller */ = {
			isa = PBXGroup;
			children = (
				561A36DC1C896BAF00AC5F5E /* SVCurrentResultViewCtrl.h */,
				561A36DD1C896BAF00AC5F5E /* SVCurrentResultViewCtrl.m */,
				561A36DE1C896BAF00AC5F5E /* SVDetailViewCtrl.h */,
				561A36DF1C896BAF00AC5F5E /* SVDetailViewCtrl.m */,
				561A36E01C896BAF00AC5F5E /* SVResultViewCtrl.h */,
				561A36E11C896BAF00AC5F5E /* SVResultViewCtrl.m */,
			);
			path = Controller;
			sourceTree = "<group>";
		};
		561A36E51C896BD700AC5F5E /* Controller */ = {
			isa = PBXGroup;
			children = (
				561A36E61C896BD700AC5F5E /* SVTestingCtrl.h */,
				561A36E71C896BD700AC5F5E /* SVTestingCtrl.m */,
			);
			path = Controller;
			sourceTree = "<group>";
		};
		563479081C56348C002179BF /* Settings */ = {
			isa = PBXGroup;
			children = (
				561A36C41C896B5A00AC5F5E /* Controller */,
				561A36C11C896A6D00AC5F5E /* Model */,
				561A36C21C896A6D00AC5F5E /* View */,
			);
			name = Settings;
			path = ../../Settings;
			sourceTree = "<group>";
		};
		565DFAD61C515BB10024FF45 /* LaunchImage */ = {
			isa = PBXGroup;
			children = (
				B72A1D0D1C7192B600C3141A /* speed_pro.png */,
			);
			path = LaunchImage;
			sourceTree = "<group>";
		};
		565DFADA1C515BB10024FF45 /* test */ = {
			isa = PBXGroup;
			children = (
				565DFADB1C515BB10024FF45 /* ic_speed_check.png */,
				565DFADC1C515BB10024FF45 /* ic_speed_label.png */,
				565DFADD1C515BB10024FF45 /* ic_speed_normal.png */,
				565DFADE1C515BB10024FF45 /* ic_speed_testing.png */,
				565DFADF1C515BB10024FF45 /* ic_video_check.png */,
				565DFAE01C515BB10024FF45 /* ic_video_label.png */,
				565DFAE11C515BB10024FF45 /* ic_video_normal.png */,
				565DFAE21C515BB10024FF45 /* ic_video_testing.png */,
				565DFAE31C515BB10024FF45 /* ic_web_check.png */,
				565DFAE41C515BB10024FF45 /* ic_web_label.png */,
			);
			path = test;
			sourceTree = "<group>";
		};
		568E03361C78135D00A7CD72 /* detail */ = {
			isa = PBXGroup;
			children = (
				568E03371C78135D00A7CD72 /* rt_detail_title_collector_img.png */,
				568E03381C78135D00A7CD72 /* rt_detail_title_ftp_img.png */,
				568E03391C78135D00A7CD72 /* rt_detail_title_video_img.png */,
				568E033A1C78135D00A7CD72 /* rt_detail_title_web_img.png */,
				568E033B1C78135D00A7CD72 /* share.png */,
			);
			path = detail;
			sourceTree = "<group>";
		};
		56A919191C4F4C2500E8BB72 /* Base.lproj */ = {
			isa = PBXGroup;
			children = (
			);
			name = Base.lproj;
			path = ../Base.lproj;
			sourceTree = "<group>";
		};
		56AA74701C7C36C500BA7E51 /* Testing */ = {
			isa = PBXGroup;
			children = (
				56AA747F1C7C3A9900BA7E51 /* clock_pointer_blue.png */,
				56AA74711C7C36C500BA7E51 /* clock_middle.png */,
				56AA74731C7C36C500BA7E51 /* clock_pointer_gray.png */,
				56AA74741C7C36C500BA7E51 /* clock_speed_panel.png */,
				56AA74751C7C36C500BA7E51 /* clock_video_panel.png */,
				56AA74761C7C36C500BA7E51 /* clock_web_panel.png */,
			);
			name = Testing;
			path = ../Appdelegate/Testing;
			sourceTree = "<group>";
		};
		56B5180A1C5126C700AA76F1 /* Category */ = {
			isa = PBXGroup;
			children = (
				56B5180B1C5126C700AA76F1 /* UIView+Exten.h */,
				56B5180C1C5126C700AA76F1 /* UIView+Exten.m */,
			);
			path = Category;
			sourceTree = "<group>";
		};
		56BA8FB51C561E9100886CAE /* View */ = {
			isa = PBXGroup;
			children = (
				B71F89001C8D7E56002E8375 /* UIUtils */,
				56BA8FC41C561E9100886CAE /* Test */,
				56BA8FB61C561E9100886CAE /* Result */,
				563479081C56348C002179BF /* Settings */,
				56BA8FD01C561E9100886CAE /* Testing */,
			);
			path = View;
			sourceTree = "<group>";
		};
		56BA8FB61C561E9100886CAE /* Result */ = {
			isa = PBXGroup;
			children = (
				561A36DB1C896BAF00AC5F5E /* Controller */,
				56BA8FBA1C561E9100886CAE /* Model */,
				561A36BA1C896A0C00AC5F5E /* View */,
			);
			path = Result;
			sourceTree = "<group>";
		};
		56BA8FBA1C561E9100886CAE /* Model */ = {
			isa = PBXGroup;
			children = (
				B7CAB7C61C7416E100108B02 /* SVDetailViewModel.h */,
				B7CAB7C71C7416E100108B02 /* SVDetailViewModel.m */,
				56665D361C71F9E100A63D44 /* SVToolModels.h */,
				56665D371C71F9E100A63D44 /* SVToolModels.m */,
				B7CD57501C70C7FB00668E88 /* SVCurrentResultModel.h */,
				B7CD57511C70C7FB00668E88 /* SVCurrentResultModel.m */,
			);
			path = Model;
			sourceTree = "<group>";
		};
		56BA8FC41C561E9100886CAE /* Test */ = {
			isa = PBXGroup;
			children = (
				561A36D71C896B7E00AC5F5E /* Controller */,
				56BA8FC81C561E9100886CAE /* Model */,
				56BA8FCB1C561E9100886CAE /* View */,
			);
			path = Test;
			sourceTree = "<group>";
		};
		56BA8FC81C561E9100886CAE /* Model */ = {
			isa = PBXGroup;
			children = (
				56BA8FCA1C561E9100886CAE /* SVToolModel.m */,
				56BA8FC91C561E9100886CAE /* SVToolModel.h */,
			);
			path = Model;
			sourceTree = "<group>";
		};
		56BA8FCB1C561E9100886CAE /* View */ = {
			isa = PBXGroup;
			children = (
				56BA8FCC1C561E9100886CAE /* AlertView.h */,
				56BA8FCD1C561E9100886CAE /* AlertView.m */,
				56BA8FCE1C561E9100886CAE /* SVToolCell.h */,
				56BA8FCF1C561E9100886CAE /* SVToolCell.m */,
			);
			path = View;
			sourceTree = "<group>";
		};
		56BA8FD01C561E9100886CAE /* Testing */ = {
			isa = PBXGroup;
			children = (
				561A36E51C896BD700AC5F5E /* Controller */,
				561A36C31C896AB100AC5F5E /* Model */,
				56BA8FD51C561E9100886CAE /* View */,
			);
			path = Testing;
			sourceTree = "<group>";
		};
		56BA8FD51C561E9100886CAE /* View */ = {
			isa = PBXGroup;
			children = (
				561447BF1C59BCE900003B9A /* SVPointView.h */,
				561447C01C59BCE900003B9A /* SVPointView.m */,
				56AA747D1C7C389400BA7E51 /* SVPointView.xib */,
				566589DC1C88414600269F78 /* SVFooterView.h */,
				566589DD1C88414600269F78 /* SVFooterView.m */,
				566589DE1C88414600269F78 /* SVHeaderView.h */,
				566589DF1C88414600269F78 /* SVHeaderView.m */,
				566589E01C88414600269F78 /* SVVideoView.h */,
				566589E11C88414600269F78 /* SVVideoView.m */,
			);
			path = View;
			sourceTree = "<group>";
		};
		56EC8C581C4F45A500EBDA6C /* AppDelegate */ = {
			isa = PBXGroup;
			children = (
				56A9190F1C4F4BAA00E8BB72 /* AppDelegate.h */,
				56A919101C4F4BAA00E8BB72 /* AppDelegate.m */,
				56AA27391C57122500FA5D0F /* Assets.xcassets */,
				56A919191C4F4C2500E8BB72 /* Base.lproj */,
				56A919121C4F4BAA00E8BB72 /* Info.plist */,
				56A919131C4F4BAA00E8BB72 /* ViewController.h */,
				56A919141C4F4BAA00E8BB72 /* ViewController.m */,
				56EC8C5F1C4F45A500EBDA6C /* SVTabBarController.h */,
				56EC8C601C4F45A500EBDA6C /* SVTabBarController.m */,
			);
			name = AppDelegate;
			path = Appdelegate;
			sourceTree = "<group>";
		};
		56EC8C631C4F45A500EBDA6C /* Resoruces */ = {
			isa = PBXGroup;
			children = (
				56BB06471C897048005EE173 /* icon.png */,
				568E03411C78137C00A7CD72 /* ic_language_select.png */,
				B7F3CA491C72CA3F009B087F /* toast_icon.png */,
				563200551C7223560076A0FF /* homeindicator.png */,
				56AA74701C7C36C500BA7E51 /* Testing */,
				568E03361C78135D00A7CD72 /* detail */,
				4DD005E61C609EDB007D4D2F /* Result */,
				565DFAD61C515BB10024FF45 /* LaunchImage */,
				565DFADA1C515BB10024FF45 /* test */,
				56EC8C8B1C4F467000EBDA6C /* tabbar */,
			);
			path = Resoruces;
			sourceTree = "<group>";
		};
		56EC8C781C4F45A500EBDA6C /* Tool */ = {
			isa = PBXGroup;
			children = (
				56AA27341C57090400FA5D0F /* CTWBViewTools.h */,
				56AA27351C57090400FA5D0F /* CTWBViewTools.m */,
				564435751C5216AD009B7024 /* CTViewTools.h */,
				564435761C5216AD009B7024 /* CTViewTools.m */,
			);
			path = Tool;
			sourceTree = "<group>";
		};
		56EC8C8B1C4F467000EBDA6C /* tabbar */ = {
			isa = PBXGroup;
			children = (
				56EC8C8C1C4F467000EBDA6C /* tabbar_result.png */,
				56EC8C8D1C4F467000EBDA6C /* tabbar_result_selected.png */,
				56EC8C8E1C4F467000EBDA6C /* tabbar_settings.png */,
				56EC8C8F1C4F467000EBDA6C /* tabbar_settings_selected.png */,
				56EC8C901C4F467000EBDA6C /* tabbar_test.png */,
				56EC8C911C4F467000EBDA6C /* tabbar_test_selected.png */,
			);
			path = tabbar;
			sourceTree = "<group>";
		};
		56F523D61C4DCF7F00E6472B = {
			isa = PBXGroup;
			children = (
				56F523E01C4DCF7F00E6472B /* Products */,
				56F523E11C4DCF7F00E6472B /* SPUIView */,
				B70FF3D41C6582AA002D571B /* SPUIViewTests */,
				B71E7C4F1C743DA200DF1AA4 /* Thirdpart */,
			);
			sourceTree = "<group>";
		};
		56F523E01C4DCF7F00E6472B /* Products */ = {
			isa = PBXGroup;
			children = (
				56F523DF1C4DCF7F00E6472B /* SpeedPro.app */,
				B70FF3D31C6582AA002D571B /* SpeedPro.xctest */,
			);
			name = Products;
			sourceTree = "<group>";
		};
		56F523E11C4DCF7F00E6472B /* SPUIView */ = {
			isa = PBXGroup;
			children = (
				561A36B61C89693F00AC5F5E /* Service */,
				56BA8FB51C561E9100886CAE /* View */,
				56B5180A1C5126C700AA76F1 /* Category */,
				56EC8C581C4F45A500EBDA6C /* AppDelegate */,
				56EC8C631C4F45A500EBDA6C /* Resoruces */,
				56EC8C781C4F45A500EBDA6C /* Tool */,
				56F523E21C4DCF7F00E6472B /* Supporting Files */,
			);
			path = SPUIView;
			sourceTree = "<group>";
		};
		56F523E21C4DCF7F00E6472B /* Supporting Files */ = {
			isa = PBXGroup;
			children = (
				56622C4D1C4F320A00B4A50B /* CTCommonDefine.pch */,
				56F523E31C4DCF7F00E6472B /* main.m */,
				5644354E1C5215AB009B7024 /* i18n.strings */,
			);
			name = "Supporting Files";
			sourceTree = "<group>";
		};
		B70FF3D41C6582AA002D571B /* SPUIViewTests */ = {
			isa = PBXGroup;
			children = (
				B70FF3D51C6582AA002D571B /* SPUIViewTests.m */,
				B70FF3D71C6582AA002D571B /* Info.plist */,
			);
			path = SPUIViewTests;
			sourceTree = "<group>";
		};
		B71E7C4F1C743DA200DF1AA4 /* Thirdpart */ = {
			isa = PBXGroup;
			children = (
				B72AC8611C76EA3D00AAC3B3 /* SPCommon.framework */,
				B72AC8621C76EA3D00AAC3B3 /* SPService.framework */,
			);
			path = Thirdpart;
			sourceTree = "<group>";
		};
		B71F89001C8D7E56002E8375 /* UIUtils */ = {
			isa = PBXGroup;
			children = (
				B71F89011C8D7E56002E8375 /* SVToast.h */,
				B71F89021C8D7E56002E8375 /* SVToast.m */,
			);
			path = UIUtils;
			sourceTree = "<group>";
		};
/* End PBXGroup section */

/* Begin PBXNativeTarget section */
		56F523DE1C4DCF7F00E6472B /* SpeedPro */ = {
			isa = PBXNativeTarget;
			buildConfigurationList = 56F523F61C4DCF8000E6472B /* Build configuration list for PBXNativeTarget "SpeedPro" */;
			buildPhases = (
				56F523DB1C4DCF7F00E6472B /* Sources */,
				56F523DC1C4DCF7F00E6472B /* Frameworks */,
				56F523DD1C4DCF7F00E6472B /* Resources */,
				56A239E41C7D9E4D000C6341 /* Copy Files */,
				B72646AB1C87DEC200CB7DFF /* Embed Frameworks */,
			);
			buildRules = (
			);
			dependencies = (
			);
			name = SpeedPro;
			productName = SPUIView;
			productReference = 56F523DF1C4DCF7F00E6472B /* SpeedPro.app */;
			productType = "com.apple.product-type.application";
		};
		B70FF3D21C6582AA002D571B /* SpeedProTests */ = {
			isa = PBXNativeTarget;
			buildConfigurationList = B70FF3DA1C6582AA002D571B /* Build configuration list for PBXNativeTarget "SpeedProTests" */;
			buildPhases = (
				B70FF3CF1C6582AA002D571B /* Sources */,
				B70FF3D01C6582AA002D571B /* Frameworks */,
				B70FF3D11C6582AA002D571B /* Resources */,
			);
			buildRules = (
			);
			dependencies = (
				B70FF3D91C6582AA002D571B /* PBXTargetDependency */,
			);
			name = SpeedProTests;
			productName = SPUIViewTests;
			productReference = B70FF3D31C6582AA002D571B /* SpeedPro.xctest */;
			productType = "com.apple.product-type.bundle.unit-test";
		};
/* End PBXNativeTarget section */

/* Begin PBXProject section */
		56F523D71C4DCF7F00E6472B /* Project object */ = {
			isa = PBXProject;
			attributes = {
				CLASSPREFIX = SV;
				KnownAssetTags = (
					New,
				);
				LastUpgradeCheck = 0720;
				ORGANIZATIONNAME = chinasofti;
				TargetAttributes = {
					56F523DE1C4DCF7F00E6472B = {
						CreatedOnToolsVersion = 7.2;
						DevelopmentTeam = DGQ9BHE78D;
					};
					B70FF3D21C6582AA002D571B = {
						CreatedOnToolsVersion = 7.2;
						TestTargetID = 56F523DE1C4DCF7F00E6472B;
					};
				};
			};
			buildConfigurationList = 56F523DA1C4DCF7F00E6472B /* Build configuration list for PBXProject "SpeedPro" */;
			compatibilityVersion = "Xcode 3.2";
			developmentRegion = English;
			hasScannedForEncodings = 0;
			knownRegions = (
				en,
				Base,
				zh,
			);
			mainGroup = 56F523D61C4DCF7F00E6472B;
			productRefGroup = 56F523E01C4DCF7F00E6472B /* Products */;
			projectDirPath = "";
			projectRoot = "";
			targets = (
				56F523DE1C4DCF7F00E6472B /* SpeedPro */,
				B70FF3D21C6582AA002D571B /* SpeedProTests */,
			);
		};
/* End PBXProject section */

/* Begin PBXResourcesBuildPhase section */
		56F523DD1C4DCF7F00E6472B /* Resources */ = {
			isa = PBXResourcesBuildPhase;
			buildActionMask = 2147483647;
			files = (
				4DD033911C734BB400A8CE9B /* ic_language_select.png in Resources */,
				4DD006081C609EDB007D4D2F /* ic_web_test.png in Resources */,
				4DD006021C609EDB007D4D2F /* ic_speed_testing.png in Resources */,
				56AA74791C7C36C500BA7E51 /* clock_pointer_gray.png in Resources */,
				565DFAEB1C515BB10024FF45 /* ic_speed_testing.png in Resources */,
				565DFAEA1C515BB10024FF45 /* ic_speed_normal.png in Resources */,
				4DD006011C609EDB007D4D2F /* ic_speed_normal.png in Resources */,
				567582241C7BF797009BEFFB /* ic_settings_mobile.png in Resources */,
				56EC8C931C4F467000EBDA6C /* tabbar_result.png in Resources */,
				5644354C1C5215AB009B7024 /* i18n.strings in Resources */,
				568E03421C78137C00A7CD72 /* ic_language_select.png in Resources */,
				4DD006061C609EDB007D4D2F /* ic_video_testing.png in Resources */,
				56EC8C951C4F467000EBDA6C /* tabbar_settings.png in Resources */,
				4DD006051C609EDB007D4D2F /* ic_video_normal.png in Resources */,
				568E033F1C78135D00A7CD72 /* rt_detail_title_web_img.png in Resources */,
				565DFAF11C515BB10024FF45 /* ic_web_label.png in Resources */,
				4DD006071C609EDB007D4D2F /* ic_web_normal.png in Resources */,
				568E033C1C78135D00A7CD72 /* rt_detail_title_collector_img.png in Resources */,
				565DFAF01C515BB10024FF45 /* ic_web_check.png in Resources */,
				56AA74801C7C3A9900BA7E51 /* clock_pointer_blue.png in Resources */,
				565DFAEE1C515BB10024FF45 /* ic_video_normal.png in Resources */,
				4DD006031C609EDB007D4D2F /* ic_start_time.png in Resources */,
				568E033D1C78135D00A7CD72 /* rt_detail_title_ftp_img.png in Resources */,
				563200561C7223560076A0FF /* homeindicator.png in Resources */,
				4DD005FB1C609EDB007D4D2F /* ic_network_type.png in Resources */,
				4DD006041C609EDB007D4D2F /* ic_start_time_normal.png in Resources */,
				4DD005FA1C609EDB007D4D2F /* ic_clear.png in Resources */,
				4DD005FC1C609EDB007D4D2F /* ic_network_type_mobile.png in Resources */,
				56AA74771C7C36C500BA7E51 /* clock_middle.png in Resources */,
				565DFAE91C515BB10024FF45 /* ic_speed_label.png in Resources */,
				565DFAEC1C515BB10024FF45 /* ic_video_check.png in Resources */,
				56BB06481C897048005EE173 /* icon.png in Resources */,
				56AA747B1C7C36C500BA7E51 /* clock_video_panel.png in Resources */,
				56EC8C961C4F467000EBDA6C /* tabbar_settings_selected.png in Resources */,
				568E03401C78135D00A7CD72 /* share.png in Resources */,
				B72A1D0E1C7192B600C3141A /* speed_pro.png in Resources */,
				4DD005FF1C609EDB007D4D2F /* ic_sort.png in Resources */,
				56AA747A1C7C36C500BA7E51 /* clock_speed_panel.png in Resources */,
				56EC8C971C4F467000EBDA6C /* tabbar_test.png in Resources */,
				4DD006001C609EDB007D4D2F /* ic_sort_asc.png in Resources */,
				565DFAED1C515BB10024FF45 /* ic_video_label.png in Resources */,
				4DD005FE1C609EDB007D4D2F /* ic_network_type_wifi.png in Resources */,
				56AA747C1C7C36C500BA7E51 /* clock_web_panel.png in Resources */,
				56AA747E1C7C389400BA7E51 /* SVPointView.xib in Resources */,
				565DFAEF1C515BB10024FF45 /* ic_video_testing.png in Resources */,
				56EC8C941C4F467000EBDA6C /* tabbar_result_selected.png in Resources */,
				565DFAE81C515BB10024FF45 /* ic_speed_check.png in Resources */,
				56EC8C981C4F467000EBDA6C /* tabbar_test_selected.png in Resources */,
				B7F3CA4A1C72CA3F009B087F /* toast_icon.png in Resources */,
				56AA273B1C57122500FA5D0F /* Assets.xcassets in Resources */,
				568E033E1C78135D00A7CD72 /* rt_detail_title_video_img.png in Resources */,
				4DD005FD1C609EDB007D4D2F /* ic_network_type_normal.png in Resources */,
				567582251C7BF797009BEFFB /* ic_settings_wifi.png in Resources */,
			);
			runOnlyForDeploymentPostprocessing = 0;
		};
		B70FF3D11C6582AA002D571B /* Resources */ = {
			isa = PBXResourcesBuildPhase;
			buildActionMask = 2147483647;
			files = (
			);
			runOnlyForDeploymentPostprocessing = 0;
		};
/* End PBXResourcesBuildPhase section */

/* Begin PBXSourcesBuildPhase section */
		56F523DB1C4DCF7F00E6472B /* Sources */ = {
			isa = PBXSourcesBuildPhase;
			buildActionMask = 2147483647;
			files = (
				56BA8FDB1C561E9100886CAE /* AlertView.m in Sources */,
				561A36E21C896BAF00AC5F5E /* SVCurrentResultViewCtrl.m in Sources */,
				56A919181C4F4BAB00E8BB72 /* ViewController.m in Sources */,
				561A36C01C896A0C00AC5F5E /* SVToolCells.m in Sources */,
				561A36EA1C896BD700AC5F5E /* SVTestingCtrl.m in Sources */,
				561A36D51C896B5A00AC5F5E /* SVLogsViewCtrl.m in Sources */,
				561A36E41C896BAF00AC5F5E /* SVResultViewCtrl.m in Sources */,
				561A36E31C896BAF00AC5F5E /* SVDetailViewCtrl.m in Sources */,
				561A36DA1C896B7E00AC5F5E /* SVTestViewCtrl.m in Sources */,
				566589E41C88414600269F78 /* SVVideoView.m in Sources */,
				566589E21C88414600269F78 /* SVFooterView.m in Sources */,
				B7CAB7C81C7416E100108B02 /* SVDetailViewModel.m in Sources */,
				564435771C5216AD009B7024 /* CTViewTools.m in Sources */,
				561A36D11C896B5A00AC5F5E /* SVAboutViewCtrl.m in Sources */,
				56BA8FDA1C561E9100886CAE /* SVToolModel.m in Sources */,
				56665D381C71F9E100A63D44 /* SVToolModels.m in Sources */,
				566589E31C88414600269F78 /* SVHeaderView.m in Sources */,
				561A36D41C896B5A00AC5F5E /* SVLanguageSettingViewCtrl.m in Sources */,
				56AA27361C57090400FA5D0F /* CTWBViewTools.m in Sources */,
				56EC8C811C4F45A500EBDA6C /* SVTabBarController.m in Sources */,
				568D42B11C8991A400F2916B /* SVFAQViewCtrl.m in Sources */,
				B71F89031C8D7E56002E8375 /* SVToast.m in Sources */,
				561A36D21C896B5A00AC5F5E /* SVAdvancedViewCtrl.m in Sources */,
				561A36D31C896B5A00AC5F5E /* SVBWSettingViewCtrl.m in Sources */,
				56B5180D1C5126C700AA76F1 /* UIView+Exten.m in Sources */,
				56BA8FDC1C561E9100886CAE /* SVToolCell.m in Sources */,
				561A36B91C89693F00AC5F5E /* SVUploadFile.m in Sources */,
				561A36D61C896B5A00AC5F5E /* SVSettingsViewCtrl.m in Sources */,
				561A36BF1C896A0C00AC5F5E /* SVResultCell.m in Sources */,
				56A919151C4F4BAA00E8BB72 /* AppDelegate.m in Sources */,
				56F523E41C4DCF7F00E6472B /* main.m in Sources */,
				568D42B41C89E20B00F2916B /* SVBandWidthCtrl.m in Sources */,
				561447C11C59BCE900003B9A /* SVPointView.m in Sources */,
				B7CD57521C70C7FB00668E88 /* SVCurrentResultModel.m in Sources */,
			);
			runOnlyForDeploymentPostprocessing = 0;
		};
		B70FF3CF1C6582AA002D571B /* Sources */ = {
			isa = PBXSourcesBuildPhase;
			buildActionMask = 2147483647;
			files = (
				B70FF3D61C6582AA002D571B /* SPUIViewTests.m in Sources */,
			);
			runOnlyForDeploymentPostprocessing = 0;
		};
/* End PBXSourcesBuildPhase section */

/* Begin PBXTargetDependency section */
		B70FF3D91C6582AA002D571B /* PBXTargetDependency */ = {
			isa = PBXTargetDependency;
			target = 56F523DE1C4DCF7F00E6472B /* SpeedPro */;
			targetProxy = B70FF3D81C6582AA002D571B /* PBXContainerItemProxy */;
		};
/* End PBXTargetDependency section */

/* Begin PBXVariantGroup section */
		5644354E1C5215AB009B7024 /* i18n.strings */ = {
			isa = PBXVariantGroup;
			children = (
				5644354D1C5215AB009B7024 /* en */,
				B7FEB2DB1C87DDD900A027D9 /* zh */,
			);
			name = i18n.strings;
			sourceTree = "<group>";
		};
		56AA27391C57122500FA5D0F /* Assets.xcassets */ = {
			isa = PBXVariantGroup;
			children = (
				56AA273A1C57122500FA5D0F /* Base */,
			);
			name = Assets.xcassets;
			path = ../Base.lproj;
			sourceTree = "<group>";
		};
/* End PBXVariantGroup section */

/* Begin XCBuildConfiguration section */
		56F523F41C4DCF8000E6472B /* Debug */ = {
			isa = XCBuildConfiguration;
			buildSettings = {
				ALWAYS_SEARCH_USER_PATHS = NO;
				CLANG_CXX_LANGUAGE_STANDARD = "gnu++0x";
				CLANG_CXX_LIBRARY = "libc++";
				CLANG_ENABLE_MODULES = YES;
				CLANG_ENABLE_OBJC_ARC = YES;
				CLANG_WARN_BOOL_CONVERSION = YES;
				CLANG_WARN_CONSTANT_CONVERSION = YES;
				CLANG_WARN_DIRECT_OBJC_ISA_USAGE = YES_ERROR;
				CLANG_WARN_EMPTY_BODY = YES;
				CLANG_WARN_ENUM_CONVERSION = YES;
				CLANG_WARN_INT_CONVERSION = YES;
				CLANG_WARN_OBJC_ROOT_CLASS = YES_ERROR;
				CLANG_WARN_UNREACHABLE_CODE = YES;
				CLANG_WARN__DUPLICATE_METHOD_MATCH = YES;
				"CODE_SIGN_IDENTITY[sdk=iphoneos*]" = "iPhone Developer";
				COPY_PHASE_STRIP = NO;
				DEBUG_INFORMATION_FORMAT = dwarf;
				ENABLE_STRICT_OBJC_MSGSEND = YES;
				ENABLE_TESTABILITY = YES;
				GCC_C_LANGUAGE_STANDARD = gnu99;
				GCC_DYNAMIC_NO_PIC = NO;
				GCC_NO_COMMON_BLOCKS = YES;
				GCC_OPTIMIZATION_LEVEL = 0;
				GCC_PREPROCESSOR_DEFINITIONS = (
					"DEBUG=1",
					"$(inherited)",
				);
				GCC_WARN_64_TO_32_BIT_CONVERSION = YES;
				GCC_WARN_ABOUT_RETURN_TYPE = YES_ERROR;
				GCC_WARN_UNDECLARED_SELECTOR = YES;
				GCC_WARN_UNINITIALIZED_AUTOS = YES_AGGRESSIVE;
				GCC_WARN_UNUSED_FUNCTION = YES;
				GCC_WARN_UNUSED_VARIABLE = YES;
				IPHONEOS_DEPLOYMENT_TARGET = 9.2;
				MTL_ENABLE_DEBUG_INFO = YES;
				ONLY_ACTIVE_ARCH = YES;
				SDKROOT = iphoneos;
			};
			name = Debug;
		};
		56F523F51C4DCF8000E6472B /* Release */ = {
			isa = XCBuildConfiguration;
			buildSettings = {
				ALWAYS_SEARCH_USER_PATHS = NO;
				CLANG_CXX_LANGUAGE_STANDARD = "gnu++0x";
				CLANG_CXX_LIBRARY = "libc++";
				CLANG_ENABLE_MODULES = YES;
				CLANG_ENABLE_OBJC_ARC = YES;
				CLANG_WARN_BOOL_CONVERSION = YES;
				CLANG_WARN_CONSTANT_CONVERSION = YES;
				CLANG_WARN_DIRECT_OBJC_ISA_USAGE = YES_ERROR;
				CLANG_WARN_EMPTY_BODY = YES;
				CLANG_WARN_ENUM_CONVERSION = YES;
				CLANG_WARN_INT_CONVERSION = YES;
				CLANG_WARN_OBJC_ROOT_CLASS = YES_ERROR;
				CLANG_WARN_UNREACHABLE_CODE = YES;
				CLANG_WARN__DUPLICATE_METHOD_MATCH = YES;
				"CODE_SIGN_IDENTITY[sdk=iphoneos*]" = "iPhone Developer";
				COPY_PHASE_STRIP = NO;
				DEBUG_INFORMATION_FORMAT = "dwarf-with-dsym";
				ENABLE_NS_ASSERTIONS = NO;
				ENABLE_STRICT_OBJC_MSGSEND = YES;
				GCC_C_LANGUAGE_STANDARD = gnu99;
				GCC_NO_COMMON_BLOCKS = YES;
				GCC_WARN_64_TO_32_BIT_CONVERSION = YES;
				GCC_WARN_ABOUT_RETURN_TYPE = YES_ERROR;
				GCC_WARN_UNDECLARED_SELECTOR = YES;
				GCC_WARN_UNINITIALIZED_AUTOS = YES_AGGRESSIVE;
				GCC_WARN_UNUSED_FUNCTION = YES;
				GCC_WARN_UNUSED_VARIABLE = YES;
				IPHONEOS_DEPLOYMENT_TARGET = 9.2;
				MTL_ENABLE_DEBUG_INFO = NO;
				SDKROOT = iphoneos;
				VALIDATE_PRODUCT = YES;
			};
			name = Release;
		};
		56F523F71C4DCF8000E6472B /* Debug */ = {
			isa = XCBuildConfiguration;
			buildSettings = {
				ASSETCATALOG_COMPILER_APPICON_NAME = AppIcon;
				ASSETCATALOG_COMPILER_LAUNCHIMAGE_NAME = "Brand Assets";
				CODE_SIGN_IDENTITY = "iPhone Developer";
				"CODE_SIGN_IDENTITY[sdk=iphoneos*]" = "iPhone Developer";
				CONFIGURATION_BUILD_DIR = "$(BUILD_DIR)/$(CONFIGURATION)$(EFFECTIVE_PLATFORM_NAME)";
				ENABLE_BITCODE = NO;
				FRAMEWORK_SEARCH_PATHS = (
					"$(inherited)",
					"$(PROJECT_DIR)",
					"$(PROJECT_DIR)/SPUIView/ThirdPart",
					"$(PROJECT_DIR)/Thirdpart",
				);
				GCC_PREFIX_HEADER = "$(SRCROOT)/SPUIView/CTCommonDefine.pch";
				GCC_WARN_UNDECLARED_SELECTOR = YES;
				INFOPLIST_FILE = SPUIView/Info.plist;
				IPHONEOS_DEPLOYMENT_TARGET = 8.0;
				LD_RUNPATH_SEARCH_PATHS = "$(inherited) @executable_path/Frameworks";
				LIBRARY_SEARCH_PATHS = (
					"$(inherited)",
					"$(PROJECT_DIR)/SPUIView/ThirdPart/Vitamio",
					"$(PROJECT_DIR)/SPUIView/ThirdPart/U-vMOS_SDK_for_iOS",
				);
				OTHER_LDFLAGS = "-ObjC";
				PRODUCT_BUNDLE_IDENTIFIER = com.huawei.speedpro.SPUIViiew;
				PRODUCT_NAME = SpeedPro;
				PROVISIONING_PROFILE = "";
			};
			name = Debug;
		};
		56F523F81C4DCF8000E6472B /* Release */ = {
			isa = XCBuildConfiguration;
			buildSettings = {
				ASSETCATALOG_COMPILER_APPICON_NAME = AppIcon;
				ASSETCATALOG_COMPILER_LAUNCHIMAGE_NAME = "Brand Assets";
				CODE_SIGN_IDENTITY = "iPhone Developer";
				"CODE_SIGN_IDENTITY[sdk=iphoneos*]" = "iPhone Developer";
				CONFIGURATION_BUILD_DIR = "$(BUILD_DIR)/$(CONFIGURATION)$(EFFECTIVE_PLATFORM_NAME)";
				ENABLE_BITCODE = NO;
				FRAMEWORK_SEARCH_PATHS = (
					"$(inherited)",
					"$(PROJECT_DIR)",
					"$(PROJECT_DIR)/SPUIView/ThirdPart",
					"$(PROJECT_DIR)/Thirdpart",
				);
				GCC_PREFIX_HEADER = "$(SRCROOT)/SPUIView/CTCommonDefine.pch";
				GCC_WARN_UNDECLARED_SELECTOR = YES;
				INFOPLIST_FILE = SPUIView/Info.plist;
				IPHONEOS_DEPLOYMENT_TARGET = 8.0;
				LD_RUNPATH_SEARCH_PATHS = "$(inherited) @executable_path/Frameworks";
				LIBRARY_SEARCH_PATHS = (
					"$(inherited)",
					"$(PROJECT_DIR)/SPUIView/ThirdPart/Vitamio",
					"$(PROJECT_DIR)/SPUIView/ThirdPart/U-vMOS_SDK_for_iOS",
				);
				OTHER_LDFLAGS = "-ObjC";
				PRODUCT_BUNDLE_IDENTIFIER = com.huawei.speedpro.SPUIViiew;
				PRODUCT_NAME = SpeedPro;
				PROVISIONING_PROFILE = "";
			};
			name = Release;
		};
		B70FF3DB1C6582AA002D571B /* Debug */ = {
			isa = XCBuildConfiguration;
			buildSettings = {
				BUNDLE_LOADER = "$(TEST_HOST)";
				INFOPLIST_FILE = SPUIViewTests/Info.plist;
				LD_RUNPATH_SEARCH_PATHS = "$(inherited) @executable_path/Frameworks @loader_path/Frameworks";
				PRODUCT_BUNDLE_IDENTIFIER = com.huawei.speedpro.SPUIViewTests;
				PRODUCT_NAME = SpeedPro;
				TEST_HOST = "$(BUILT_PRODUCTS_DIR)/SpeedPro.app/SpeedPro";
			};
			name = Debug;
		};
		B70FF3DC1C6582AA002D571B /* Release */ = {
			isa = XCBuildConfiguration;
			buildSettings = {
				BUNDLE_LOADER = "$(TEST_HOST)";
				INFOPLIST_FILE = SPUIViewTests/Info.plist;
				LD_RUNPATH_SEARCH_PATHS = "$(inherited) @executable_path/Frameworks @loader_path/Frameworks";
				PRODUCT_BUNDLE_IDENTIFIER = com.huawei.speedpro.SPUIViewTests;
				PRODUCT_NAME = SpeedPro;
				TEST_HOST = "$(BUILT_PRODUCTS_DIR)/SpeedPro.app/SpeedPro";
			};
			name = Release;
		};
/* End XCBuildConfiguration section */

/* Begin XCConfigurationList section */
		56F523DA1C4DCF7F00E6472B /* Build configuration list for PBXProject "SpeedPro" */ = {
			isa = XCConfigurationList;
			buildConfigurations = (
				56F523F41C4DCF8000E6472B /* Debug */,
				56F523F51C4DCF8000E6472B /* Release */,
			);
			defaultConfigurationIsVisible = 0;
			defaultConfigurationName = Release;
		};
		56F523F61C4DCF8000E6472B /* Build configuration list for PBXNativeTarget "SpeedPro" */ = {
			isa = XCConfigurationList;
			buildConfigurations = (
				56F523F71C4DCF8000E6472B /* Debug */,
				56F523F81C4DCF8000E6472B /* Release */,
			);
			defaultConfigurationIsVisible = 0;
			defaultConfigurationName = Release;
		};
		B70FF3DA1C6582AA002D571B /* Build configuration list for PBXNativeTarget "SpeedProTests" */ = {
			isa = XCConfigurationList;
			buildConfigurations = (
				B70FF3DB1C6582AA002D571B /* Debug */,
				B70FF3DC1C6582AA002D571B /* Release */,
			);
			defaultConfigurationIsVisible = 0;
			defaultConfigurationName = Release;
		};
/* End XCConfigurationList section */
	};
	rootObject = 56F523D71C4DCF7F00E6472B /* Project object */;
}
